PODS:
  - Flutter (1.0.0)
  - geolocator_apple (1.2.0):
    - Flutter

DEPENDENCIES:
  - Flutter (from `Flutter`)
  - geolocator_apple (from `.symlinks/plugins/geolocator_apple/ios`)

EXTERNAL SOURCES:
  Flutter:
    :path: Flutter
  geolocator_apple:
    :path: ".symlinks/plugins/geolocator_apple/ios"

SPEC CHECKSUMS:
  Flutter: e0871f40cf51350855a761d2e70bf5af5b9b5de7
  geolocator_apple: d981750b9f47dbdb02427e1476d9a04397beb8d9

PODFILE CHECKSUM: ae273562e2241d2b1bd4b6d2d349a48b8fe1a2a7

COCOAPODS: 1.16.2
